
Microsoft Visual Studio Solution File, Format Version 12.00
Project("{FAE04EC0-301F-11D3-BF4B-00C04F79EFBC}") = "ModificadorCC", "ModificadorCC\ModificadorCC.csproj", "{F62DB6E1-5370-41B4-9A88-65BD2927BD79}"
EndProject
Global
	GlobalSection(SolutionConfigurationPlatforms) = preSolution
		Debug|Any CPU = Debug|Any CPU
		Release|Any CPU = Release|Any CPU
	EndGlobalSection
	GlobalSection(ProjectConfigurationPlatforms) = postSolution
		{F62DB6E1-5370-41B4-9A88-65BD2927BD79}.Debug|Any CPU.ActiveCfg = Debug|Any CPU
		{F62DB6E1-5370-41B4-9A88-65BD2927BD79}.Debug|Any CPU.Build.0 = Debug|Any CPU
		{F62DB6E1-5370-41B4-9A88-65BD2927BD79}.Release|Any CPU.ActiveCfg = Release|Any CPU
		{F62DB6E1-5370-41B4-9A88-65BD2927BD79}.Release|Any CPU.Build.0 = Release|Any CPU
	EndGlobalSection
EndGlobal
